
Microsoft Visual Studio Solution File, Format Version 12.00
# Visual Studio Version 16
VisualStudioVersion = 16.0.29230.47
MinimumVisualStudioVersion = 10.0.40219.1
Project("{FAE04EC0-301F-11D3-BF4B-00C04F79EFBC}") = "OOP6_2", "OOP6_2\OOP6_2.csproj", "{B1695A86-2D2A-43D3-95BF-AB263321A4FF}"
EndProject
Global
	GlobalSection(SolutionConfigurationPlatforms) = preSolution
		Debug|Any CPU = Debug|Any CPU
		Release|Any CPU = Release|Any CPU
	EndGlobalSection
	GlobalSection(ProjectConfigurationPlatforms) = postSolution
		{B1695A86-2D2A-43D3-95BF-AB263321A4FF}.Debug|Any CPU.ActiveCfg = Debug|Any CPU
		{B1695A86-2D2A-43D3-95BF-AB263321A4FF}.Debug|Any CPU.Build.0 = Debug|Any CPU
		{B1695A86-2D2A-43D3-95BF-AB263321A4FF}.Release|Any CPU.ActiveCfg = Release|Any CPU
		{B1695A86-2D2A-43D3-95BF-AB263321A4FF}.Release|Any CPU.Build.0 = Release|Any CPU
	EndGlobalSection
	GlobalSection(SolutionProperties) = preSolution
		HideSolutionNode = FALSE
	EndGlobalSection
	GlobalSection(ExtensibilityGlobals) = postSolution
		SolutionGuid = {4274DE6E-8551-41A3-B996-725CEFF5F58F}
	EndGlobalSection
EndGlobal
